
Microsoft Visual Studio Solution File, Format Version 12.00
# Visual Studio Version 17
VisualStudioVersion = 17.6.33801.468
MinimumVisualStudioVersion = 10.0.40219.1
Project("{FAE04EC0-301F-11D3-BF4B-00C04F79EFBC}") = "Customer.API", "Customer.API\Customer.API.csproj", "{C76F3C47-5792-41BB-961D-EB632B4D58D8}"
EndProject
Global
	GlobalSection(SolutionConfigurationPlatforms) = preSolution
		Debug|Any CPU = Debug|Any CPU
		Release|Any CPU = Release|Any CPU
	EndGlobalSection
	GlobalSection(ProjectConfigurationPlatforms) = postSolution
		{C76F3C47-5792-41BB-961D-EB632B4D58D8}.Debug|Any CPU.ActiveCfg = Debug|Any CPU
		{C76F3C47-5792-41BB-961D-EB632B4D58D8}.Debug|Any CPU.Build.0 = Debug|Any CPU
		{C76F3C47-5792-41BB-961D-EB632B4D58D8}.Release|Any CPU.ActiveCfg = Release|Any CPU
		{C76F3C47-5792-41BB-961D-EB632B4D58D8}.Release|Any CPU.Build.0 = Release|Any CPU
	EndGlobalSection
	GlobalSection(SolutionProperties) = preSolution
		HideSolutionNode = FALSE
	EndGlobalSection
	GlobalSection(ExtensibilityGlobals) = postSolution
		SolutionGuid = {E6CDD253-455F-42CB-B450-11DF3BAD7DE2}
	EndGlobalSection
EndGlobal
